{
  "version": 4,
  "terraform_version": "1.8.3",
  "serial": 127,
  "lineage": "6518401b-bfec-8d5e-5caa-6e580cc54828",
  "outputs": {},
  "resources": [
    {
      "mode": "data",
      "type": "azuread_client_config",
      "name": "azuread_client",
      "provider": "provider[\"registry.terraform.io/hashicorp/azuread\"]",
      "instances": [
        {
          "schema_version": 0,
          "attributes": {
            "client_id": "04b07795-8ddb-461a-bbee-02f9e1bf7b46",
            "id": "64dc69e4-d083-49fc-9569-ebece1dd1408-04b07795-8ddb-461a-bbee-02f9e1bf7b46-2f147d2e-64f9-48f9-b008-40fee53215ef",
            "object_id": "2f147d2e-64f9-48f9-b008-40fee53215ef",
            "tenant_id": "64dc69e4-d083-49fc-9569-ebece1dd1408",
            "timeouts": null
          },
          "sensitive_attributes": []
        }
      ]
    },
    {
      "mode": "data",
      "type": "azuread_service_principal",
      "name": "redhatopenshift",
      "provider": "provider[\"registry.terraform.io/hashicorp/azuread\"]",
      "instances": [
        {
          "schema_version": 0,
          "attributes": {
            "account_enabled": true,
            "alternative_names": [],
            "app_role_assignment_required": false,
            "app_role_ids": {},
            "app_roles": [],
            "application_id": "f1dd0a37-89c6-4e07-bcd1-ffd3d43d8875",
            "application_tenant_id": "f8cdef31-a31e-4b4a-93e4-5f571e91255a",
            "client_id": "f1dd0a37-89c6-4e07-bcd1-ffd3d43d8875",
            "description": "",
            "display_name": "Azure Red Hat OpenShift RP",
            "feature_tags": [
              {
                "custom_single_sign_on": false,
                "enterprise": false,
                "gallery": false,
                "hide": false
              }
            ],
            "features": [
              {
                "custom_single_sign_on_app": false,
                "enterprise_application": false,
                "gallery_application": false,
                "visible_to_users": true
              }
            ],
            "homepage_url": "",
            "id": "ebeeb6e8-af58-4204-9e58-efca7922a3cc",
            "login_url": "",
            "logout_url": "",
            "notes": "",
            "notification_email_addresses": [],
            "oauth2_permission_scope_ids": {},
            "oauth2_permission_scopes": [],
            "object_id": "ebeeb6e8-af58-4204-9e58-efca7922a3cc",
            "preferred_single_sign_on_mode": "",
            "redirect_uris": [],
            "saml_metadata_url": "",
            "saml_single_sign_on": [],
            "service_principal_names": [],
            "sign_in_audience": "AzureADMultipleOrgs",
            "tags": [],
            "timeouts": null,
            "type": "Application"
          },
          "sensitive_attributes": []
        }
      ]
    },
    {
      "mode": "data",
      "type": "azurerm_client_config",
      "name": "azurerm_client",
      "provider": "provider[\"registry.terraform.io/hashicorp/azurerm\"]",
      "instances": [
        {
          "schema_version": 0,
          "attributes": {
            "client_id": "04b07795-8ddb-461a-bbee-02f9e1bf7b46",
            "id": "Y2xpZW50Q29uZmlncy9jbGllbnRJZD0wNGIwNzc5NS04ZGRiLTQ2MWEtYmJlZS0wMmY5ZTFiZjdiNDY7b2JqZWN0SWQ9MmYxNDdkMmUtNjRmOS00OGY5LWIwMDgtNDBmZWU1MzIxNWVmO3N1YnNjcmlwdGlvbklkPTNkYzZiNmRmLTlmMjEtNDc4OC1hYTAzLTZlYTVhNTE3ZDEyMjt0ZW5hbnRJZD02NGRjNjllNC1kMDgzLTQ5ZmMtOTU2OS1lYmVjZTFkZDE0MDg=",
            "object_id": "2f147d2e-64f9-48f9-b008-40fee53215ef",
            "subscription_id": "3dc6b6df-9f21-4788-aa03-6ea5a517d122",
            "tenant_id": "64dc69e4-d083-49fc-9569-ebece1dd1408",
            "timeouts": null
          },
          "sensitive_attributes": []
        }
      ]
    },
    {
      "mode": "managed",
      "type": "azuread_application_registration",
      "name": "azuread_app",
      "provider": "provider[\"registry.terraform.io/hashicorp/azuread\"]",
      "instances": [
        {
          "schema_version": 0,
          "attributes": {
            "client_id": "88348872-bef2-4193-b2cf-220f97f3147e",
            "description": "",
            "disabled_by_microsoft": "",
            "display_name": "ARO-agabriel",
            "group_membership_claims": [],
            "homepage_url": "",
            "id": "/applications/496ec9a5-a24f-4efc-b53e-ca3ff6a4c813",
            "implicit_access_token_issuance_enabled": false,
            "implicit_id_token_issuance_enabled": false,
            "logout_url": "",
            "marketing_url": "",
            "notes": "",
            "object_id": "496ec9a5-a24f-4efc-b53e-ca3ff6a4c813",
            "privacy_statement_url": "",
            "publisher_domain": "redhat0.onmicrosoft.com",
            "requested_access_token_version": 2,
            "service_management_reference": "",
            "sign_in_audience": "AzureADMyOrg",
            "support_url": "",
            "terms_of_service_url": "",
            "timeouts": null
          },
          "sensitive_attributes": [],
          "private": "eyJlMmJmYjczMC1lY2FhLTExZTYtOGY4OC0zNDM2M2JjN2M0YzAiOnsiY3JlYXRlIjo2MDAwMDAwMDAwMDAsImRlbGV0ZSI6MzAwMDAwMDAwMDAwLCJyZWFkIjozMDAwMDAwMDAwMDAsInVwZGF0ZSI6NjAwMDAwMDAwMDAwfX0="
        }
      ]
    },
    {
      "mode": "managed",
      "type": "azuread_service_principal",
      "name": "azuread_sp",
      "provider": "provider[\"registry.terraform.io/hashicorp/azuread\"]",
      "instances": [
        {
          "schema_version": 0,
          "attributes": {
            "account_enabled": true,
            "alternative_names": [],
            "app_role_assignment_required": false,
            "app_role_ids": {},
            "app_roles": [],
            "application_id": "88348872-bef2-4193-b2cf-220f97f3147e",
            "application_tenant_id": "64dc69e4-d083-49fc-9569-ebece1dd1408",
            "client_id": "88348872-bef2-4193-b2cf-220f97f3147e",
            "description": "",
            "display_name": "ARO-agabriel",
            "feature_tags": [
              {
                "custom_single_sign_on": false,
                "enterprise": false,
                "gallery": false,
                "hide": false
              }
            ],
            "features": [
              {
                "custom_single_sign_on_app": false,
                "enterprise_application": false,
                "gallery_application": false,
                "visible_to_users": true
              }
            ],
            "homepage_url": "",
            "id": "156a26d3-4918-41c5-ace4-92c0cdc7ad29",
            "login_url": "",
            "logout_url": "",
            "notes": "",
            "notification_email_addresses": [],
            "oauth2_permission_scope_ids": {},
            "oauth2_permission_scopes": [],
            "object_id": "156a26d3-4918-41c5-ace4-92c0cdc7ad29",
            "owners": [
              "2f147d2e-64f9-48f9-b008-40fee53215ef"
            ],
            "preferred_single_sign_on_mode": "",
            "redirect_uris": [],
            "saml_metadata_url": "",
            "saml_single_sign_on": [
              {
                "relay_state": ""
              }
            ],
            "service_principal_names": [],
            "sign_in_audience": "AzureADMyOrg",
            "tags": [],
            "timeouts": null,
            "type": "Application",
            "use_existing": null
          },
          "sensitive_attributes": [],
          "private": "eyJlMmJmYjczMC1lY2FhLTExZTYtOGY4OC0zNDM2M2JjN2M0YzAiOnsiY3JlYXRlIjo2MDAwMDAwMDAwMDAsImRlbGV0ZSI6MzAwMDAwMDAwMDAwLCJyZWFkIjozMDAwMDAwMDAwMDAsInVwZGF0ZSI6NjAwMDAwMDAwMDAwfX0=",
          "dependencies": [
            "azuread_application_registration.azuread_app",
            "data.azuread_client_config.azuread_client"
          ]
        }
      ]
    },
    {
      "mode": "managed",
      "type": "azuread_service_principal_password",
      "name": "azuread_sp_pwd",
      "provider": "provider[\"registry.terraform.io/hashicorp/azuread\"]",
      "instances": [
        {
          "schema_version": 1,
          "attributes": {
            "display_name": null,
            "end_date": "2025-12-31T23:59:59Z",
            "end_date_relative": null,
            "id": "156a26d3-4918-41c5-ace4-92c0cdc7ad29/password/7359cb95-96a9-48d1-860f-58f854d6b5e8",
            "key_id": "7359cb95-96a9-48d1-860f-58f854d6b5e8",
            "rotate_when_changed": null,
            "service_principal_id": "156a26d3-4918-41c5-ace4-92c0cdc7ad29",
            "start_date": "2024-05-09T16:15:24Z",
            "timeouts": null,
            "value": "_~u8Q~I4pIf01n_3iG0Pt2jeGUYAhKk0vNsGudxg"
          },
          "sensitive_attributes": [
            [
              {
                "type": "get_attr",
                "value": "value"
              }
            ]
          ],
          "private": "eyJlMmJmYjczMC1lY2FhLTExZTYtOGY4OC0zNDM2M2JjN2M0YzAiOnsiY3JlYXRlIjozMDAwMDAwMDAwMDAsImRlbGV0ZSI6MzAwMDAwMDAwMDAwLCJyZWFkIjozMDAwMDAwMDAwMDAsInVwZGF0ZSI6MzAwMDAwMDAwMDAwfSwic2NoZW1hX3ZlcnNpb24iOiIxIn0=",
          "dependencies": [
            "azuread_application_registration.azuread_app",
            "azuread_service_principal.azuread_sp",
            "data.azuread_client_config.azuread_client"
          ]
        }
      ]
    },
    {
      "mode": "managed",
      "type": "azurerm_resource_group",
      "name": "aro_rg",
      "provider": "provider[\"registry.terraform.io/hashicorp/azurerm\"]",
      "instances": [
        {
          "schema_version": 0,
          "attributes": {
            "id": "/subscriptions/3dc6b6df-9f21-4788-aa03-6ea5a517d122/resourceGroups/aro-germany-agabriel",
            "location": "germanywestcentral",
            "managed_by": "",
            "name": "aro-germany-agabriel",
            "tags": {},
            "timeouts": null
          },
          "sensitive_attributes": [],
          "private": "eyJlMmJmYjczMC1lY2FhLTExZTYtOGY4OC0zNDM2M2JjN2M0YzAiOnsiY3JlYXRlIjo1NDAwMDAwMDAwMDAwLCJkZWxldGUiOjU0MDAwMDAwMDAwMDAsInJlYWQiOjMwMDAwMDAwMDAwMCwidXBkYXRlIjo1NDAwMDAwMDAwMDAwfX0="
        }
      ]
    },
    {
      "mode": "managed",
      "type": "azurerm_subnet",
      "name": "worker_subnet",
      "provider": "provider[\"registry.terraform.io/hashicorp/azurerm\"]",
      "instances": [
        {
          "schema_version": 0,
          "attributes": {
            "address_prefixes": [
              "10.0.2.0/23"
            ],
            "delegation": [],
            "enforce_private_link_endpoint_network_policies": false,
            "enforce_private_link_service_network_policies": false,
            "id": "/subscriptions/3dc6b6df-9f21-4788-aa03-6ea5a517d122/resourceGroups/aro-germany-agabriel/providers/Microsoft.Network/virtualNetworks/aro-vnet/subnets/aro-vnet-worker",
            "name": "aro-vnet-worker",
            "private_endpoint_network_policies_enabled": true,
            "private_link_service_network_policies_enabled": true,
            "resource_group_name": "aro-germany-agabriel",
            "service_endpoint_policy_ids": null,
            "service_endpoints": [
              "Microsoft.ContainerRegistry",
              "Microsoft.Storage"
            ],
            "timeouts": null,
            "virtual_network_name": "aro-vnet"
          },
          "sensitive_attributes": [],
          "private": "eyJlMmJmYjczMC1lY2FhLTExZTYtOGY4OC0zNDM2M2JjN2M0YzAiOnsiY3JlYXRlIjoxODAwMDAwMDAwMDAwLCJkZWxldGUiOjE4MDAwMDAwMDAwMDAsInJlYWQiOjMwMDAwMDAwMDAwMCwidXBkYXRlIjoxODAwMDAwMDAwMDAwfX0="
        }
      ]
    }
  ],
  "check_results": null
}
